
Microsoft Visual Studio Solution File, Format Version 12.00
# Visual Studio Version 17
VisualStudioVersion = 17.0.31912.275
MinimumVisualStudioVersion = 10.0.40219.1
Project("{FAE04EC0-301F-11D3-BF4B-00C04F79EFBC}") = "KPFU Operation System Series Boilerplate", "KPFU Operation System Series Boilerplate\KPFU Operation System Series Boilerplate.csproj", "{265F736E-3E71-4B7F-BAD1-2A0837DE164F}"
EndProject
Global
	GlobalSection(SolutionConfigurationPlatforms) = preSolution
		Debug|Any CPU = Debug|Any CPU
		Release|Any CPU = Release|Any CPU
	EndGlobalSection
	GlobalSection(ProjectConfigurationPlatforms) = postSolution
		{265F736E-3E71-4B7F-BAD1-2A0837DE164F}.Debug|Any CPU.ActiveCfg = Debug|Any CPU
		{265F736E-3E71-4B7F-BAD1-2A0837DE164F}.Debug|Any CPU.Build.0 = Debug|Any CPU
		{265F736E-3E71-4B7F-BAD1-2A0837DE164F}.Release|Any CPU.ActiveCfg = Release|Any CPU
		{265F736E-3E71-4B7F-BAD1-2A0837DE164F}.Release|Any CPU.Build.0 = Release|Any CPU
	EndGlobalSection
	GlobalSection(SolutionProperties) = preSolution
		HideSolutionNode = FALSE
	EndGlobalSection
	GlobalSection(ExtensibilityGlobals) = postSolution
		SolutionGuid = {A21CD16E-A215-4F35-BB39-933A4D64A3FD}
	EndGlobalSection
EndGlobal
